{
  "name": "v86controlpanel",
  "version": "1.0.0",
  "lockfileVersion": 3,
  "requires": true,
  "packages": {
    "": {
      "name": "v86controlpanel",
      "version": "1.0.0",
      "license": "ISC",
      "dependencies": {
        "v86": "^0.5.319"
      }
    },
    "node_modules/v86": {
      "version": "0.5.319",
      "resolved": "https://registry.npmjs.org/v86/-/v86-0.5.319.tgz",
      "integrity": "sha512-OsAGtpDYexAFTfIXf9iMh+JM6IK1GRahWZG3ghNEHtzCxQnyCXQOnN4m5fwV+b5cD0Yj97x8EpsloDtSIpcidA==",
      "license": "BSD-2-Clause"
    }
  }
}
